<?xml version="1.0" encoding="utf-8"?>
<Project ToolsVersion="4.0" xmlns="http://schemas.microsoft.com/developer/msbuild/2003">
  <ItemGroup>
    <Filter Include="Quelldateien">
      <UniqueIdentifier>{4FC737F1-C7A5-4376-A066-2A32D752A2FF}</UniqueIdentifier>
      <Extensions>cpp;c;cc;cxx;def;odl;idl;hpj;bat;asm;asmx</Extensions>
    </Filter>
    <Filter Include="Headerdateien">
      <UniqueIdentifier>{93995380-89BD-4b04-88EB-625FBE52EBFB}</UniqueIdentifier>
      <Extensions>h;hh;hpp;hxx;hm;inl;inc;xsd</Extensions>
    </Filter>
    <Filter Include="Ressourcendateien">
      <UniqueIdentifier>{67DA6AB6-F800-4c08-8B7A-83BB121AAD01}</UniqueIdentifier>
      <Extensions>rc;ico;cur;bmp;dlg;rc2;rct;bin;rgs;gif;jpg;jpeg;jpe;resx;tiff;tif;png;wav;mfcribbon-ms</Extensions>
    </Filter>
  </ItemGroup>
  <ItemGroup>
    <ClCompile Include="MainFrame.cpp">
      <Filter>Quelldateien</Filter>
    </ClCompile>
    <ClCompile Include="Train.cpp">
      <Filter>Quelldateien</Filter>
    </ClCompile>
    <ClCompile Include="Rail.cpp">
      <Filter>Quelldateien</Filter>
    </ClCompile>
  </ItemGroup>
  <ItemGroup>
    <ClInclude Include="MainFrame.h">
      <Filter>Headerdateien</Filter>
    </ClInclude>
    <ClInclude Include="Toolbox.h">
      <Filter>Headerdateien</Filter>
    </ClInclude>
    <ClInclude Include="Train.h">
      <Filter>Headerdateien</Filter>
    </ClInclude>
    <ClInclude Include="TileObject.h">
      <Filter>Headerdateien</Filter>
    </ClInclude>
    <ClInclude Include="Map.h">
      <Filter>Headerdateien</Filter>
    </ClInclude>
    <ClInclude Include="Rail.h">
      <Filter>Headerdateien</Filter>
    </ClInclude>
    <ClInclude Include="Decoration.h">
      <Filter>Headerdateien</Filter>
    </ClInclude>
    <ClInclude Include="SignalRail.h">
      <Filter>Headerdateien</Filter>
    </ClInclude>
    <ClInclude Include="RailSwitch.h">
      <Filter>Headerdateien</Filter>
    </ClInclude>
    <ClInclude Include="TrainStop.h">
      <Filter>Headerdateien</Filter>
    </ClInclude>
  </ItemGroup>
  <ItemGroup>
    <EmbeddedResource Include="MainFrame.resx">
      <Filter>Ressourcendateien</Filter>
    </EmbeddedResource>
    <EmbeddedResource Include="Pictures.resx">
      <Filter>Ressourcendateien</Filter>
    </EmbeddedResource>
  </ItemGroup>
  <ItemGroup>
    <Image Include="Rails\Rail_Curve_LeftBottom.bmp">
      <Filter>Ressourcendateien</Filter>
    </Image>
    <Image Include="Rails\Rail_Curve_LeftBottomC.bmp">
      <Filter>Ressourcendateien</Filter>
    </Image>
    <Image Include="Rails\Rail_Curve_LeftTop.bmp">
      <Filter>Ressourcendateien</Filter>
    </Image>
    <Image Include="Rails\Rail_Curve_LeftTopC.bmp">
      <Filter>Ressourcendateien</Filter>
    </Image>
    <Image Include="Rails\Rail_Curve_RightBottom.bmp">
      <Filter>Ressourcendateien</Filter>
    </Image>
    <Image Include="Rails\Rail_Curve_RightBottomC.bmp">
      <Filter>Ressourcendateien</Filter>
    </Image>
    <Image Include="Rails\Rail_Curve_RightTop.bmp">
      <Filter>Ressourcendateien</Filter>
    </Image>
    <Image Include="Rails\Rail_Curve_RightTopC.bmp">
      <Filter>Ressourcendateien</Filter>
    </Image>
    <Image Include="Rails\Rail_Normal_Hor.bmp">
      <Filter>Ressourcendateien</Filter>
    </Image>
    <Image Include="Rails\Rail_Normal_Vert.bmp">
      <Filter>Ressourcendateien</Filter>
    </Image>
  </ItemGroup>
</Project>