<?xml version="1.0" encoding="utf-8"?>
<Project ToolsVersion="4.0" xmlns="http://schemas.microsoft.com/developer/msbuild/2003">
  <ItemGroup>
    <Filter Include="Quelldateien">
      <UniqueIdentifier>{4FC737F1-C7A5-4376-A066-2A32D752A2FF}</UniqueIdentifier>
      <Extensions>cpp;c;cc;cxx;def;odl;idl;hpj;bat;asm;asmx</Extensions>
    </Filter>
    <Filter Include="Headerdateien">
      <UniqueIdentifier>{93995380-89BD-4b04-88EB-625FBE52EBFB}</UniqueIdentifier>
      <Extensions>h;hh;hpp;hxx;hm;inl;inc;xsd</Extensions>
    </Filter>
    <Filter Include="Ressourcendateien">
      <UniqueIdentifier>{67DA6AB6-F800-4c08-8B7A-83BB121AAD01}</UniqueIdentifier>
      <Extensions>rc;ico;cur;bmp;dlg;rc2;rct;bin;rgs;gif;jpg;jpeg;jpe;resx;tiff;tif;png;wav;mfcribbon-ms</Extensions>
    </Filter>
  </ItemGroup>
  <ItemGroup>
    <ClCompile Include="MainFrame.cpp">
      <Filter>Quelldateien</Filter>
    </ClCompile>
    <ClCompile Include="Train.cpp">
      <Filter>Quelldateien</Filter>
    </ClCompile>
    <ClCompile Include="NewDialog.cpp">
      <Filter>Quelldateien</Filter>
    </ClCompile>
    <ClCompile Include="Map.cpp">
      <Filter>Quelldateien</Filter>
    </ClCompile>
    <ClCompile Include="TileObject.cpp">
      <Filter>Quelldateien</Filter>
    </ClCompile>
    <ClCompile Include="AppData.cpp">
      <Filter>Quelldateien</Filter>
    </ClCompile>
    <ClCompile Include="TileTrainStop.cpp">
      <Filter>Quelldateien</Filter>
    </ClCompile>
    <ClCompile Include="TileSignalRail.cpp">
      <Filter>Quelldateien</Filter>
    </ClCompile>
    <ClCompile Include="TileRailSwitch.cpp">
      <Filter>Quelldateien</Filter>
    </ClCompile>
    <ClCompile Include="TileRail.cpp">
      <Filter>Quelldateien</Filter>
    </ClCompile>
    <ClCompile Include="TileDecoration.cpp">
      <Filter>Quelldateien</Filter>
    </ClCompile>
    <ClCompile Include="UserData.cpp">
      <Filter>Quelldateien</Filter>
    </ClCompile>
    <ClCompile Include="Pose.cpp">
      <Filter>Quelldateien</Filter>
    </ClCompile>
    <ClCompile Include="EditName.cpp">
      <Filter>Quelldateien</Filter>
    </ClCompile>
  </ItemGroup>
  <ItemGroup>
    <ClInclude Include="MainFrame.h">
      <Filter>Headerdateien</Filter>
    </ClInclude>
    <ClInclude Include="Train.h">
      <Filter>Headerdateien</Filter>
    </ClInclude>
    <ClInclude Include="TileObject.h">
      <Filter>Headerdateien</Filter>
    </ClInclude>
    <ClInclude Include="Map.h">
      <Filter>Headerdateien</Filter>
    </ClInclude>
    <ClInclude Include="NewDialog.h">
      <Filter>Headerdateien</Filter>
    </ClInclude>
    <ClInclude Include="Toolbox.h">
      <Filter>Headerdateien</Filter>
    </ClInclude>
    <ClInclude Include="BetterPanel.h">
      <Filter>Headerdateien</Filter>
    </ClInclude>
    <ClInclude Include="AppData.h">
      <Filter>Headerdateien</Filter>
    </ClInclude>
    <ClInclude Include="TileRailSwitch.h">
      <Filter>Headerdateien</Filter>
    </ClInclude>
    <ClInclude Include="TileSignalRail.h">
      <Filter>Headerdateien</Filter>
    </ClInclude>
    <ClInclude Include="TileTrainStop.h">
      <Filter>Headerdateien</Filter>
    </ClInclude>
    <ClInclude Include="TileDecoration.h">
      <Filter>Headerdateien</Filter>
    </ClInclude>
    <ClInclude Include="TileRail.h">
      <Filter>Headerdateien</Filter>
    </ClInclude>
    <ClInclude Include="UserData.h">
      <Filter>Headerdateien</Filter>
    </ClInclude>
    <ClInclude Include="Pose.h">
      <Filter>Headerdateien</Filter>
    </ClInclude>
    <ClInclude Include="EditName.h">
      <Filter>Headerdateien</Filter>
    </ClInclude>
  </ItemGroup>
  <ItemGroup>
    <EmbeddedResource Include="MainFrame.resx">
      <Filter>Ressourcendateien</Filter>
    </EmbeddedResource>
    <EmbeddedResource Include="NewDialog.resx">
      <Filter>Ressourcendateien</Filter>
    </EmbeddedResource>
  </ItemGroup>
  <ItemGroup>
    <Image Include="Rails\grass.png">
      <Filter>Ressourcendateien</Filter>
    </Image>
    <Image Include="Rails\Rail_Curve_LeftBottom.png">
      <Filter>Ressourcendateien</Filter>
    </Image>
    <Image Include="Rails\Rail_Curve_LeftBottom_Signal_C.png">
      <Filter>Ressourcendateien</Filter>
    </Image>
    <Image Include="Rails\Rail_Curve_LeftBottom_SignalGreen.png">
      <Filter>Ressourcendateien</Filter>
    </Image>
    <Image Include="Rails\Rail_Curve_LeftBottom_SignalRed.png">
      <Filter>Ressourcendateien</Filter>
    </Image>
    <Image Include="Rails\Rail_Curve_LeftBottomC.png">
      <Filter>Ressourcendateien</Filter>
    </Image>
    <Image Include="Rails\Rail_Curve_LeftTop.png">
      <Filter>Ressourcendateien</Filter>
    </Image>
    <Image Include="Rails\Rail_Curve_LeftTop_Signal_C.png">
      <Filter>Ressourcendateien</Filter>
    </Image>
    <Image Include="Rails\Rail_Curve_LeftTop_SignalGreen.png">
      <Filter>Ressourcendateien</Filter>
    </Image>
    <Image Include="Rails\Rail_Curve_LeftTop_SignalRed.png">
      <Filter>Ressourcendateien</Filter>
    </Image>
    <Image Include="Rails\Rail_Curve_LeftTopC.png">
      <Filter>Ressourcendateien</Filter>
    </Image>
    <Image Include="Rails\Rail_Curve_RightBottom.png">
      <Filter>Ressourcendateien</Filter>
    </Image>
    <Image Include="Rails\Rail_Curve_RightBottom_Signal_C.png">
      <Filter>Ressourcendateien</Filter>
    </Image>
    <Image Include="Rails\Rail_Curve_RightBottom_SignalGreen.png">
      <Filter>Ressourcendateien</Filter>
    </Image>
    <Image Include="Rails\Rail_Curve_RightBottom_SignalRed.png">
      <Filter>Ressourcendateien</Filter>
    </Image>
    <Image Include="Rails\Rail_Curve_RightBottomC.png">
      <Filter>Ressourcendateien</Filter>
    </Image>
    <Image Include="Rails\Rail_Curve_RightTop.png">
      <Filter>Ressourcendateien</Filter>
    </Image>
    <Image Include="Rails\Rail_Curve_RightTop_Signal_C.png">
      <Filter>Ressourcendateien</Filter>
    </Image>
    <Image Include="Rails\Rail_Curve_RightTop_SignalGreen.png">
      <Filter>Ressourcendateien</Filter>
    </Image>
    <Image Include="Rails\Rail_Curve_RightTop_SignalRed.png">
      <Filter>Ressourcendateien</Filter>
    </Image>
    <Image Include="Rails\Rail_Curve_RightTopC.png">
      <Filter>Ressourcendateien</Filter>
    </Image>
    <Image Include="Rails\Rail_Normal_Hor.png">
      <Filter>Ressourcendateien</Filter>
    </Image>
    <Image Include="Rails\Rail_Normal_Hor_SignalBoth.png">
      <Filter>Ressourcendateien</Filter>
    </Image>
    <Image Include="Rails\Rail_Normal_Hor_SignalGreen.png">
      <Filter>Ressourcendateien</Filter>
    </Image>
    <Image Include="Rails\Rail_Normal_Hor_SignalRed.png">
      <Filter>Ressourcendateien</Filter>
    </Image>
    <Image Include="Rails\Rail_Normal_Vert.png">
      <Filter>Ressourcendateien</Filter>
    </Image>
    <Image Include="Rails\Rail_Normal_Vert_SignalBoth.png">
      <Filter>Ressourcendateien</Filter>
    </Image>
    <Image Include="Rails\Rail_Normal_Vert_SignalGreen.png">
      <Filter>Ressourcendateien</Filter>
    </Image>
    <Image Include="Rails\Rail_Normal_Vert_SignalRed.png">
      <Filter>Ressourcendateien</Filter>
    </Image>
    <Image Include="Rails\Signal_None.png">
      <Filter>Ressourcendateien</Filter>
    </Image>
    <Image Include="Rails\Signal_SGreen.png">
      <Filter>Ressourcendateien</Filter>
    </Image>
    <Image Include="Rails\Signal_SRed.png">
      <Filter>Ressourcendateien</Filter>
    </Image>
    <Image Include="Rails\Signal_Standart.png">
      <Filter>Ressourcendateien</Filter>
    </Image>
    <Image Include="Rails\Switch_Blue.png">
      <Filter>Ressourcendateien</Filter>
    </Image>
    <Image Include="Rails\Switch_Yellow.png">
      <Filter>Ressourcendateien</Filter>
    </Image>
    <Image Include="Rails\Bush.png">
      <Filter>Ressourcendateien</Filter>
    </Image>
    <Image Include="Rails\Conifer.png">
      <Filter>Ressourcendateien</Filter>
    </Image>
    <Image Include="Rails\FoliageTree.png">
      <Filter>Ressourcendateien</Filter>
    </Image>
    <Image Include="Rails\House.png">
      <Filter>Ressourcendateien</Filter>
    </Image>
    <Image Include="Rails\House2.png">
      <Filter>Ressourcendateien</Filter>
    </Image>
    <Image Include="Rails\House3.png">
      <Filter>Ressourcendateien</Filter>
    </Image>
    <Image Include="Rails\Station1.png">
      <Filter>Ressourcendateien</Filter>
    </Image>
    <Image Include="Rails\Rail_Switch_BottomLeft_C.png">
      <Filter>Ressourcendateien</Filter>
    </Image>
    <Image Include="Rails\Rail_Switch_BottomLeft_No.png">
      <Filter>Ressourcendateien</Filter>
    </Image>
    <Image Include="Rails\Rail_Switch_BottomLeft_Yes.png">
      <Filter>Ressourcendateien</Filter>
    </Image>
    <Image Include="Rails\Rail_Switch_BottomRight_C.png">
      <Filter>Ressourcendateien</Filter>
    </Image>
    <Image Include="Rails\Rail_Switch_BottomRight_No.png">
      <Filter>Ressourcendateien</Filter>
    </Image>
    <Image Include="Rails\Rail_Switch_BottomRight_Yes.png">
      <Filter>Ressourcendateien</Filter>
    </Image>
    <Image Include="Rails\Rail_Switch_LeftBottom_C.png">
      <Filter>Ressourcendateien</Filter>
    </Image>
    <Image Include="Rails\Rail_Switch_LeftBottom_No.png">
      <Filter>Ressourcendateien</Filter>
    </Image>
    <Image Include="Rails\Rail_Switch_LeftBottom_Yes.png">
      <Filter>Ressourcendateien</Filter>
    </Image>
    <Image Include="Rails\Rail_Switch_LeftTop_C.png">
      <Filter>Ressourcendateien</Filter>
    </Image>
    <Image Include="Rails\Rail_Switch_LeftTop_No.png">
      <Filter>Ressourcendateien</Filter>
    </Image>
    <Image Include="Rails\Rail_Switch_LeftTop_Yes.png">
      <Filter>Ressourcendateien</Filter>
    </Image>
    <Image Include="Rails\Rail_Switch_RightBottom_C.png">
      <Filter>Ressourcendateien</Filter>
    </Image>
    <Image Include="Rails\Rail_Switch_RightBottom_No.png">
      <Filter>Ressourcendateien</Filter>
    </Image>
    <Image Include="Rails\Rail_Switch_RightBottom_Yes.png">
      <Filter>Ressourcendateien</Filter>
    </Image>
    <Image Include="Rails\Rail_Switch_RightTop_C.png">
      <Filter>Ressourcendateien</Filter>
    </Image>
    <Image Include="Rails\Rail_Switch_RightTop_No.png">
      <Filter>Ressourcendateien</Filter>
    </Image>
    <Image Include="Rails\Rail_Switch_RightTop_Yes.png">
      <Filter>Ressourcendateien</Filter>
    </Image>
    <Image Include="Rails\Rail_Switch_TopLeft_C.png">
      <Filter>Ressourcendateien</Filter>
    </Image>
    <Image Include="Rails\Rail_Switch_TopLeft_No.png">
      <Filter>Ressourcendateien</Filter>
    </Image>
    <Image Include="Rails\Rail_Switch_TopLeft_Yes.png">
      <Filter>Ressourcendateien</Filter>
    </Image>
    <Image Include="Rails\Rail_Switch_TopRight_C.png">
      <Filter>Ressourcendateien</Filter>
    </Image>
    <Image Include="Rails\Rail_Switch_TopRight_No.png">
      <Filter>Ressourcendateien</Filter>
    </Image>
    <Image Include="Rails\Rail_Switch_TopRight_Yes.png">
      <Filter>Ressourcendateien</Filter>
    </Image>
    <Image Include="Rails\Rail_Stop_Vert.png">
      <Filter>Ressourcendateien</Filter>
    </Image>
    <Image Include="Rails\Rail_Stop_Hor.png">
      <Filter>Ressourcendateien</Filter>
    </Image>
  </ItemGroup>
  <ItemGroup>
    <Text Include="ToolboxItems.txt" />
  </ItemGroup>
</Project>